// !$*UTF8*$!
{
	archiveVersion = 1;
	classes = {
	};
	objectVersion = 50;
	objects = {

/* Begin PBXBuildFile section */
		9D13F2AF2334DC4600A80FD3 /* CategoryViewController.swift in Sources */ = {isa = PBXBuildFile; fileRef = 9D13F2AE2334DC4600A80FD3 /* CategoryViewController.swift */; };
		9D9C8EFF2333442400C0B942 /* Main.storyboard in Resources */ = {isa = PBXBuildFile; fileRef = 9D9C8EFE2333442400C0B942 /* Main.storyboard */; };
		9D9C8F012333443200C0B942 /* ViewController.swift in Sources */ = {isa = PBXBuildFile; fileRef = 9D9C8F002333443200C0B942 /* ViewController.swift */; };
		9DAF19A823262B5B00DFDE19 /* AppDelegate.swift in Sources */ = {isa = PBXBuildFile; fileRef = 9DAF19A723262B5B00DFDE19 /* AppDelegate.swift */; };
		9DAF19B023262B5B00DFDE19 /* CoreDataEx.xcdatamodeld in Sources */ = {isa = PBXBuildFile; fileRef = 9DAF19AE23262B5B00DFDE19 /* CoreDataEx.xcdatamodeld */; };
		9DAF19B223262B5C00DFDE19 /* Assets.xcassets in Resources */ = {isa = PBXBuildFile; fileRef = 9DAF19B123262B5C00DFDE19 /* Assets.xcassets */; };
		9DAF19B523262B5C00DFDE19 /* LaunchScreen.storyboard in Resources */ = {isa = PBXBuildFile; fileRef = 9DAF19B323262B5C00DFDE19 /* LaunchScreen.storyboard */; };
/* End PBXBuildFile section */

/* Begin PBXFileReference section */
		9D13F2AE2334DC4600A80FD3 /* CategoryViewController.swift */ = {isa = PBXFileReference; lastKnownFileType = sourcecode.swift; path = CategoryViewController.swift; sourceTree = "<group>"; };
		9D9C8EFE2333442400C0B942 /* Main.storyboard */ = {isa = PBXFileReference; fileEncoding = 4; lastKnownFileType = file.storyboard; path = Main.storyboard; sourceTree = "<group>"; };
		9D9C8F002333443200C0B942 /* ViewController.swift */ = {isa = PBXFileReference; fileEncoding = 4; lastKnownFileType = sourcecode.swift; path = ViewController.swift; sourceTree = "<group>"; };
		9DAF19A423262B5B00DFDE19 /* CoreDataEx.app */ = {isa = PBXFileReference; explicitFileType = wrapper.application; includeInIndex = 0; path = CoreDataEx.app; sourceTree = BUILT_PRODUCTS_DIR; };
		9DAF19A723262B5B00DFDE19 /* AppDelegate.swift */ = {isa = PBXFileReference; lastKnownFileType = sourcecode.swift; path = AppDelegate.swift; sourceTree = "<group>"; };
		9DAF19AF23262B5B00DFDE19 /* CoreDataEx.xcdatamodel */ = {isa = PBXFileReference; lastKnownFileType = wrapper.xcdatamodel; path = CoreDataEx.xcdatamodel; sourceTree = "<group>"; };
		9DAF19B123262B5C00DFDE19 /* Assets.xcassets */ = {isa = PBXFileReference; lastKnownFileType = folder.assetcatalog; path = Assets.xcassets; sourceTree = "<group>"; };
		9DAF19B423262B5C00DFDE19 /* Base */ = {isa = PBXFileReference; lastKnownFileType = file.storyboard; name = Base; path = Base.lproj/LaunchScreen.storyboard; sourceTree = "<group>"; };
		9DAF19B623262B5C00DFDE19 /* Info.plist */ = {isa = PBXFileReference; lastKnownFileType = text.plist.xml; path = Info.plist; sourceTree = "<group>"; };
/* End PBXFileReference section */

/* Begin PBXFrameworksBuildPhase section */
		9DAF19A123262B5B00DFDE19 /* Frameworks */ = {
			isa = PBXFrameworksBuildPhase;
			buildActionMask = 2147483647;
			files = (
			);
			runOnlyForDeploymentPostprocessing = 0;
		};
/* End PBXFrameworksBuildPhase section */

/* Begin PBXGroup section */
		9DAF199B23262B5B00DFDE19 = {
			isa = PBXGroup;
			children = (
				9DAF19A623262B5B00DFDE19 /* CoreDataEx */,
				9DAF19A523262B5B00DFDE19 /* Products */,
			);
			sourceTree = "<group>";
		};
		9DAF19A523262B5B00DFDE19 /* Products */ = {
			isa = PBXGroup;
			children = (
				9DAF19A423262B5B00DFDE19 /* CoreDataEx.app */,
			);
			name = Products;
			sourceTree = "<group>";
		};
		9DAF19A623262B5B00DFDE19 /* CoreDataEx */ = {
			isa = PBXGroup;
			children = (
				9DAF19A723262B5B00DFDE19 /* AppDelegate.swift */,
				9D9C8F002333443200C0B942 /* ViewController.swift */,
				9D13F2AE2334DC4600A80FD3 /* CategoryViewController.swift */,
				9DAF19B123262B5C00DFDE19 /* Assets.xcassets */,
				9D9C8EFE2333442400C0B942 /* Main.storyboard */,
				9DAF19B323262B5C00DFDE19 /* LaunchScreen.storyboard */,
				9DAF19B623262B5C00DFDE19 /* Info.plist */,
				9DAF19AE23262B5B00DFDE19 /* CoreDataEx.xcdatamodeld */,
			);
			path = CoreDataEx;
			sourceTree = "<group>";
		};
/* End PBXGroup section */

/* Begin PBXNativeTarget section */
		9DAF19A323262B5B00DFDE19 /* CoreDataEx */ = {
			isa = PBXNativeTarget;
			buildConfigurationList = 9DAF19B923262B5C00DFDE19 /* Build configuration list for PBXNativeTarget "CoreDataEx" */;
			buildPhases = (
				9DAF19A023262B5B00DFDE19 /* Sources */,
				9DAF19A123262B5B00DFDE19 /* Frameworks */,
				9DAF19A223262B5B00DFDE19 /* Resources */,
			);
			buildRules = (
			);
			dependencies = (
			);
			name = CoreDataEx;
			productName = CoreDataEx;
			productReference = 9DAF19A423262B5B00DFDE19 /* CoreDataEx.app */;
			productType = "com.apple.product-type.application";
		};
/* End PBXNativeTarget section */

/* Begin PBXProject section */
		9DAF199C23262B5B00DFDE19 /* Project object */ = {
			isa = PBXProject;
			attributes = {
				LastSwiftUpdateCheck = 1030;
				LastUpgradeCheck = 1030;
				ORGANIZATIONNAME = IMAC;
				TargetAttributes = {
					9DAF19A323262B5B00DFDE19 = {
						CreatedOnToolsVersion = 10.3;
					};
				};
			};
			buildConfigurationList = 9DAF199F23262B5B00DFDE19 /* Build configuration list for PBXProject "CoreDataEx" */;
			compatibilityVersion = "Xcode 9.3";
			developmentRegion = en;
			hasScannedForEncodings = 0;
			knownRegions = (
				en,
				Base,
			);
			mainGroup = 9DAF199B23262B5B00DFDE19;
			productRefGroup = 9DAF19A523262B5B00DFDE19 /* Products */;
			projectDirPath = "";
			projectRoot = "";
			targets = (
				9DAF19A323262B5B00DFDE19 /* CoreDataEx */,
			);
		};
/* End PBXProject section */

/* Begin PBXResourcesBuildPhase section */
		9DAF19A223262B5B00DFDE19 /* Resources */ = {
			isa = PBXResourcesBuildPhase;
			buildActionMask = 2147483647;
			files = (
				9D9C8EFF2333442400C0B942 /* Main.storyboard in Resources */,
				9DAF19B523262B5C00DFDE19 /* LaunchScreen.storyboard in Resources */,
				9DAF19B223262B5C00DFDE19 /* Assets.xcassets in Resources */,
			);
			runOnlyForDeploymentPostprocessing = 0;
		};
/* End PBXResourcesBuildPhase section */

/* Begin PBXSourcesBuildPhase section */
		9DAF19A023262B5B00DFDE19 /* Sources */ = {
			isa = PBXSourcesBuildPhase;
			buildActionMask = 2147483647;
			files = (
				9D13F2AF2334DC4600A80FD3 /* CategoryViewController.swift in Sources */,
				9D9C8F012333443200C0B942 /* ViewController.swift in Sources */,
				9DAF19B023262B5B00DFDE19 /* CoreDataEx.xcdatamodeld in Sources */,
				9DAF19A823262B5B00DFDE19 /* AppDelegate.swift in Sources */,
			);
			runOnlyForDeploymentPostprocessing = 0;
		};
/* End PBXSourcesBuildPhase section */

/* Begin PBXVariantGroup section */
		9DAF19B323262B5C00DFDE19 /* LaunchScreen.storyboard */ = {
			isa = PBXVariantGroup;
			children = (
				9DAF19B423262B5C00DFDE19 /* Base */,
			);
			name = LaunchScreen.storyboard;
			sourceTree = "<group>";
		};
/* End PBXVariantGroup section */

/* Begin XCBuildConfiguration section */
		9DAF19B723262B5C00DFDE19 /* Debug */ = {
			isa = XCBuildConfiguration;
			buildSettings = {
				ALWAYS_SEARCH_USER_PATHS = NO;
				CLANG_ANALYZER_NONNULL = YES;
				CLANG_ANALYZER_NUMBER_OBJECT_CONVERSION = YES_AGGRESSIVE;
				CLANG_CXX_LANGUAGE_STANDARD = "gnu++14";
				CLANG_CXX_LIBRARY = "libc++";
				CLANG_ENABLE_MODULES = YES;
				CLANG_ENABLE_OBJC_ARC = YES;
				CLANG_ENABLE_OBJC_WEAK = YES;
				CLANG_WARN_BLOCK_CAPTURE_AUTORELEASING = YES;
				CLANG_WARN_BOOL_CONVERSION = YES;
				CLANG_WARN_COMMA = YES;
				CLANG_WARN_CONSTANT_CONVERSION = YES;
				CLANG_WARN_DEPRECATED_OBJC_IMPLEMENTATIONS = YES;
				CLANG_WARN_DIRECT_OBJC_ISA_USAGE = YES_ERROR;
				CLANG_WARN_DOCUMENTATION_COMMENTS = YES;
				CLANG_WARN_EMPTY_BODY = YES;
				CLANG_WARN_ENUM_CONVERSION = YES;
				CLANG_WARN_INFINITE_RECURSION = YES;
				CLANG_WARN_INT_CONVERSION = YES;
				CLANG_WARN_NON_LITERAL_NULL_CONVERSION = YES;
				CLANG_WARN_OBJC_IMPLICIT_RETAIN_SELF = YES;
				CLANG_WARN_OBJC_LITERAL_CONVERSION = YES;
				CLANG_WARN_OBJC_ROOT_CLASS = YES_ERROR;
				CLANG_WARN_RANGE_LOOP_ANALYSIS = YES;
				CLANG_WARN_STRICT_PROTOTYPES = YES;
				CLANG_WARN_SUSPICIOUS_MOVE = YES;
				CLANG_WARN_UNGUARDED_AVAILABILITY = YES_AGGRESSIVE;
				CLANG_WARN_UNREACHABLE_CODE = YES;
				CLANG_WARN__DUPLICATE_METHOD_MATCH = YES;
				CODE_SIGN_IDENTITY = "iPhone Developer";
				COPY_PHASE_STRIP = NO;
				DEBUG_INFORMATION_FORMAT = dwarf;
				ENABLE_STRICT_OBJC_MSGSEND = YES;
				ENABLE_TESTABILITY = YES;
				GCC_C_LANGUAGE_STANDARD = gnu11;
				GCC_DYNAMIC_NO_PIC = NO;
				GCC_NO_COMMON_BLOCKS = YES;
				GCC_OPTIMIZATION_LEVEL = 0;
				GCC_PREPROCESSOR_DEFINITIONS = (
					"DEBUG=1",
					"$(inherited)",
				);
				GCC_WARN_64_TO_32_BIT_CONVERSION = YES;
				GCC_WARN_ABOUT_RETURN_TYPE = YES_ERROR;
				GCC_WARN_UNDECLARED_SELECTOR = YES;
				GCC_WARN_UNINITIALIZED_AUTOS = YES_AGGRESSIVE;
				GCC_WARN_UNUSED_FUNCTION = YES;
				GCC_WARN_UNUSED_VARIABLE = YES;
				IPHONEOS_DEPLOYMENT_TARGET = 12.4;
				MTL_ENABLE_DEBUG_INFO = INCLUDE_SOURCE;
				MTL_FAST_MATH = YES;
				ONLY_ACTIVE_ARCH = YES;
				SDKROOT = iphoneos;
				SWIFT_ACTIVE_COMPILATION_CONDITIONS = DEBUG;
				SWIFT_OPTIMIZATION_LEVEL = "-Onone";
			};
			name = Debug;
		};
		9DAF19B823262B5C00DFDE19 /* Release */ = {
			isa = XCBuildConfiguration;
			buildSettings = {
				ALWAYS_SEARCH_USER_PATHS = NO;
				CLANG_ANALYZER_NONNULL = YES;
				CLANG_ANALYZER_NUMBER_OBJECT_CONVERSION = YES_AGGRESSIVE;
				CLANG_CXX_LANGUAGE_STANDARD = "gnu++14";
				CLANG_CXX_LIBRARY = "libc++";
				CLANG_ENABLE_MODULES = YES;
				CLANG_ENABLE_OBJC_ARC = YES;
				CLANG_ENABLE_OBJC_WEAK = YES;
				CLANG_WARN_BLOCK_CAPTURE_AUTORELEASING = YES;
				CLANG_WARN_BOOL_CONVERSION = YES;
				CLANG_WARN_COMMA = YES;
				CLANG_WARN_CONSTANT_CONVERSION = YES;
				CLANG_WARN_DEPRECATED_OBJC_IMPLEMENTATIONS = YES;
				CLANG_WARN_DIRECT_OBJC_ISA_USAGE = YES_ERROR;
				CLANG_WARN_DOCUMENTATION_COMMENTS = YES;
				CLANG_WARN_EMPTY_BODY = YES;
				CLANG_WARN_ENUM_CONVERSION = YES;
				CLANG_WARN_INFINITE_RECURSION = YES;
				CLANG_WARN_INT_CONVERSION = YES;
				CLANG_WARN_NON_LITERAL_NULL_CONVERSION = YES;
				CLANG_WARN_OBJC_IMPLICIT_RETAIN_SELF = YES;
				CLANG_WARN_OBJC_LITERAL_CONVERSION = YES;
				CLANG_WARN_OBJC_ROOT_CLASS = YES_ERROR;
				CLANG_WARN_RANGE_LOOP_ANALYSIS = YES;
				CLANG_WARN_STRICT_PROTOTYPES = YES;
				CLANG_WARN_SUSPICIOUS_MOVE = YES;
				CLANG_WARN_UNGUARDED_AVAILABILITY = YES_AGGRESSIVE;
				CLANG_WARN_UNREACHABLE_CODE = YES;
				CLANG_WARN__DUPLICATE_METHOD_MATCH = YES;
				CODE_SIGN_IDENTITY = "iPhone Developer";
				COPY_PHASE_STRIP = NO;
				DEBUG_INFORMATION_FORMAT = "dwarf-with-dsym";
				ENABLE_NS_ASSERTIONS = NO;
				ENABLE_STRICT_OBJC_MSGSEND = YES;
				GCC_C_LANGUAGE_STANDARD = gnu11;
				GCC_NO_COMMON_BLOCKS = YES;
				GCC_WARN_64_TO_32_BIT_CONVERSION = YES;
				GCC_WARN_ABOUT_RETURN_TYPE = YES_ERROR;
				GCC_WARN_UNDECLARED_SELECTOR = YES;
				GCC_WARN_UNINITIALIZED_AUTOS = YES_AGGRESSIVE;
				GCC_WARN_UNUSED_FUNCTION = YES;
				GCC_WARN_UNUSED_VARIABLE = YES;
				IPHONEOS_DEPLOYMENT_TARGET = 12.4;
				MTL_ENABLE_DEBUG_INFO = NO;
				MTL_FAST_MATH = YES;
				SDKROOT = iphoneos;
				SWIFT_COMPILATION_MODE = wholemodule;
				SWIFT_OPTIMIZATION_LEVEL = "-O";
				VALIDATE_PRODUCT = YES;
			};
			name = Release;
		};
		9DAF19BA23262B5C00DFDE19 /* Debug */ = {
			isa = XCBuildConfiguration;
			buildSettings = {
				ASSETCATALOG_COMPILER_APPICON_NAME = AppIcon;
				CODE_SIGN_STYLE = Automatic;
				DEVELOPMENT_TEAM = 2U6H73TMDG;
				INFOPLIST_FILE = CoreDataEx/Info.plist;
				LD_RUNPATH_SEARCH_PATHS = (
					"$(inherited)",
					"@executable_path/Frameworks",
				);
				PRODUCT_BUNDLE_IDENTIFIER = imac.CoreDataEx;
				PRODUCT_NAME = "$(TARGET_NAME)";
				SWIFT_VERSION = 5.0;
				TARGETED_DEVICE_FAMILY = "1,2";
			};
			name = Debug;
		};
		9DAF19BB23262B5C00DFDE19 /* Release */ = {
			isa = XCBuildConfiguration;
			buildSettings = {
				ASSETCATALOG_COMPILER_APPICON_NAME = AppIcon;
				CODE_SIGN_STYLE = Automatic;
				DEVELOPMENT_TEAM = 2U6H73TMDG;
				INFOPLIST_FILE = CoreDataEx/Info.plist;
				LD_RUNPATH_SEARCH_PATHS = (
					"$(inherited)",
					"@executable_path/Frameworks",
				);
				PRODUCT_BUNDLE_IDENTIFIER = imac.CoreDataEx;
				PRODUCT_NAME = "$(TARGET_NAME)";
				SWIFT_VERSION = 5.0;
				TARGETED_DEVICE_FAMILY = "1,2";
			};
			name = Release;
		};
/* End XCBuildConfiguration section */

/* Begin XCConfigurationList section */
		9DAF199F23262B5B00DFDE19 /* Build configuration list for PBXProject "CoreDataEx" */ = {
			isa = XCConfigurationList;
			buildConfigurations = (
				9DAF19B723262B5C00DFDE19 /* Debug */,
				9DAF19B823262B5C00DFDE19 /* Release */,
			);
			defaultConfigurationIsVisible = 0;
			defaultConfigurationName = Release;
		};
		9DAF19B923262B5C00DFDE19 /* Build configuration list for PBXNativeTarget "CoreDataEx" */ = {
			isa = XCConfigurationList;
			buildConfigurations = (
				9DAF19BA23262B5C00DFDE19 /* Debug */,
				9DAF19BB23262B5C00DFDE19 /* Release */,
			);
			defaultConfigurationIsVisible = 0;
			defaultConfigurationName = Release;
		};
/* End XCConfigurationList section */

/* Begin XCVersionGroup section */
		9DAF19AE23262B5B00DFDE19 /* CoreDataEx.xcdatamodeld */ = {
			isa = XCVersionGroup;
			children = (
				9DAF19AF23262B5B00DFDE19 /* CoreDataEx.xcdatamodel */,
			);
			currentVersion = 9DAF19AF23262B5B00DFDE19 /* CoreDataEx.xcdatamodel */;
			path = CoreDataEx.xcdatamodeld;
			sourceTree = "<group>";
			versionGroupType = wrapper.xcdatamodel;
		};
/* End XCVersionGroup section */
	};
	rootObject = 9DAF199C23262B5B00DFDE19 /* Project object */;
}
